// !$*UTF8*$!
{
	archiveVersion = 1;
	classes = {
	};
	objectVersion = 51;
	objects = {

/* Begin PBXBuildFile section */
		1CCF4CAF30ABAC7343F89640 /* Pods_FiltersApp.framework in Frameworks */ = {isa = PBXBuildFile; fileRef = 8BFEF8BA1A68A1A931431915 /* Pods_FiltersApp.framework */; };
		803B7A2C24D4C8AE00F23EA3 /* ShareScreen.swift in Sources */ = {isa = PBXBuildFile; fileRef = 803B7A2B24D4C8AE00F23EA3 /* ShareScreen.swift */; };
		805EBC0024D5AB5D0058BCBF /* GuideView.swift in Sources */ = {isa = PBXBuildFile; fileRef = 805EBBFF24D5AB5D0058BCBF /* GuideView.swift */; };
		805EBC0224D5ACC80058BCBF /* ImageSettings.swift in Sources */ = {isa = PBXBuildFile; fileRef = 805EBC0124D5ACC80058BCBF /* ImageSettings.swift */; };
		805EBC0524D605760058BCBF /* imageInfoView.swift in Sources */ = {isa = PBXBuildFile; fileRef = 805EBC0424D605760058BCBF /* imageInfoView.swift */; };
		805EBC0824D605BA0058BCBF /* TutorialView.swift in Sources */ = {isa = PBXBuildFile; fileRef = 805EBC0724D605BA0058BCBF /* TutorialView.swift */; };
		805EBC1024D6F7A00058BCBF /* pack.swift in Sources */ = {isa = PBXBuildFile; fileRef = 805EBC0F24D6F7A00058BCBF /* pack.swift */; };
		805EBC1524D701280058BCBF /* PackView.swift in Sources */ = {isa = PBXBuildFile; fileRef = 805EBC1424D701280058BCBF /* PackView.swift */; };
		805EBC1724D7037E0058BCBF /* PackPreview.swift in Sources */ = {isa = PBXBuildFile; fileRef = 805EBC1624D7037E0058BCBF /* PackPreview.swift */; };
		8081C84E24D439C8005447F3 /* FiltersCategory.swift in Sources */ = {isa = PBXBuildFile; fileRef = 8081C84D24D439C8005447F3 /* FiltersCategory.swift */; };
		80844F75255FF98900666243 /* LikedFiltersList.swift in Sources */ = {isa = PBXBuildFile; fileRef = 80844F74255FF98900666243 /* LikedFiltersList.swift */; };
		809FDE5124E59AAF00EFC1E8 /* Localizable.strings in Resources */ = {isa = PBXBuildFile; fileRef = 809FDE5324E59AAF00EFC1E8 /* Localizable.strings */; };
		80B4543724D2DB5200B4EE74 /* AppDelegate.swift in Sources */ = {isa = PBXBuildFile; fileRef = 80B4543624D2DB5200B4EE74 /* AppDelegate.swift */; };
		80B4543924D2DB5200B4EE74 /* SceneDelegate.swift in Sources */ = {isa = PBXBuildFile; fileRef = 80B4543824D2DB5200B4EE74 /* SceneDelegate.swift */; };
		80B4543B24D2DB5200B4EE74 /* ContentView.swift in Sources */ = {isa = PBXBuildFile; fileRef = 80B4543A24D2DB5200B4EE74 /* ContentView.swift */; };
		80B4543D24D2DB5300B4EE74 /* Assets.xcassets in Resources */ = {isa = PBXBuildFile; fileRef = 80B4543C24D2DB5300B4EE74 /* Assets.xcassets */; };
		80B4544024D2DB5300B4EE74 /* Preview Assets.xcassets in Resources */ = {isa = PBXBuildFile; fileRef = 80B4543F24D2DB5300B4EE74 /* Preview Assets.xcassets */; };
		80B4544324D2DB5300B4EE74 /* LaunchScreen.storyboard in Resources */ = {isa = PBXBuildFile; fileRef = 80B4544124D2DB5300B4EE74 /* LaunchScreen.storyboard */; };
		80B4544B24D2DB7600B4EE74 /* Filter.swift in Sources */ = {isa = PBXBuildFile; fileRef = 80B4544A24D2DB7600B4EE74 /* Filter.swift */; };
		80B4544D24D2E26500B4EE74 /* FilterView.swift in Sources */ = {isa = PBXBuildFile; fileRef = 80B4544C24D2E26500B4EE74 /* FilterView.swift */; };
		80B4544F24D2E73300B4EE74 /* StorageManager.swift in Sources */ = {isa = PBXBuildFile; fileRef = 80B4544E24D2E73300B4EE74 /* StorageManager.swift */; };
		80CEAE5E24D7759E00A7C590 /* FirstViews.swift in Sources */ = {isa = PBXBuildFile; fileRef = 80CEAE5D24D7759E00A7C590 /* FirstViews.swift */; };
		80CEAE6224DA0A7200A7C590 /* ActivityIndicator.swift in Sources */ = {isa = PBXBuildFile; fileRef = 80CEAE6124DA0A7200A7C590 /* ActivityIndicator.swift */; };
		80CEAE6424DA12B400A7C590 /* TutorialDetailView.swift in Sources */ = {isa = PBXBuildFile; fileRef = 80CEAE6324DA12B300A7C590 /* TutorialDetailView.swift */; };
		80CEAE6624DA15ED00A7C590 /* TitleView.swift in Sources */ = {isa = PBXBuildFile; fileRef = 80CEAE6524DA15ED00A7C590 /* TitleView.swift */; };
		80E7C04D24D2E81D00E2ED55 /* GlobalData.swift in Sources */ = {isa = PBXBuildFile; fileRef = 80E7C04C24D2E81D00E2ED55 /* GlobalData.swift */; };
		80E7C05124D2EB1100E2ED55 /* FiltersList.swift in Sources */ = {isa = PBXBuildFile; fileRef = 80E7C05024D2EB1100E2ED55 /* FiltersList.swift */; };
		80E7C05324D2F86600E2ED55 /* Extensions.swift in Sources */ = {isa = PBXBuildFile; fileRef = 80E7C05224D2F86600E2ED55 /* Extensions.swift */; };
		80E7C05B24D312B000E2ED55 /* FilterPreview.swift in Sources */ = {isa = PBXBuildFile; fileRef = 80E7C05A24D312B000E2ED55 /* FilterPreview.swift */; };
/* End PBXBuildFile section */

/* Begin PBXFileReference section */
		18F9DF6A279244011EA2B03D /* Pods-FiltersApp.release.xcconfig */ = {isa = PBXFileReference; includeInIndex = 1; lastKnownFileType = text.xcconfig; name = "Pods-FiltersApp.release.xcconfig"; path = "Target Support Files/Pods-FiltersApp/Pods-FiltersApp.release.xcconfig"; sourceTree = "<group>"; };
		1B52F2BE4B56E9D2E5799791 /* Pods-FiltersApp.debug.xcconfig */ = {isa = PBXFileReference; includeInIndex = 1; lastKnownFileType = text.xcconfig; name = "Pods-FiltersApp.debug.xcconfig"; path = "Target Support Files/Pods-FiltersApp/Pods-FiltersApp.debug.xcconfig"; sourceTree = "<group>"; };
		803B7A2B24D4C8AE00F23EA3 /* ShareScreen.swift */ = {isa = PBXFileReference; lastKnownFileType = sourcecode.swift; path = ShareScreen.swift; sourceTree = "<group>"; };
		805EBBFF24D5AB5D0058BCBF /* GuideView.swift */ = {isa = PBXFileReference; lastKnownFileType = sourcecode.swift; path = GuideView.swift; sourceTree = "<group>"; };
		805EBC0124D5ACC80058BCBF /* ImageSettings.swift */ = {isa = PBXFileReference; lastKnownFileType = sourcecode.swift; path = ImageSettings.swift; sourceTree = "<group>"; };
		805EBC0424D605760058BCBF /* imageInfoView.swift */ = {isa = PBXFileReference; lastKnownFileType = sourcecode.swift; path = imageInfoView.swift; sourceTree = "<group>"; };
		805EBC0724D605BA0058BCBF /* TutorialView.swift */ = {isa = PBXFileReference; lastKnownFileType = sourcecode.swift; path = TutorialView.swift; sourceTree = "<group>"; };
		805EBC0F24D6F7A00058BCBF /* pack.swift */ = {isa = PBXFileReference; lastKnownFileType = sourcecode.swift; path = pack.swift; sourceTree = "<group>"; };
		805EBC1424D701280058BCBF /* PackView.swift */ = {isa = PBXFileReference; lastKnownFileType = sourcecode.swift; path = PackView.swift; sourceTree = "<group>"; };
		805EBC1624D7037E0058BCBF /* PackPreview.swift */ = {isa = PBXFileReference; lastKnownFileType = sourcecode.swift; path = PackPreview.swift; sourceTree = "<group>"; };
		8081C84D24D439C8005447F3 /* FiltersCategory.swift */ = {isa = PBXFileReference; lastKnownFileType = sourcecode.swift; path = FiltersCategory.swift; sourceTree = "<group>"; };
		80844F74255FF98900666243 /* LikedFiltersList.swift */ = {isa = PBXFileReference; lastKnownFileType = sourcecode.swift; path = LikedFiltersList.swift; sourceTree = "<group>"; };
		809FDE4B24E5999F00EFC1E8 /* ru */ = {isa = PBXFileReference; lastKnownFileType = text.plist.strings; name = ru; path = ru.lproj/LaunchScreen.strings; sourceTree = "<group>"; };
		809FDE5224E59AAF00EFC1E8 /* ru */ = {isa = PBXFileReference; lastKnownFileType = text.plist.strings; name = ru; path = ru.lproj/Localizable.strings; sourceTree = "<group>"; };
		809FDE5524E59BD600EFC1E8 /* en */ = {isa = PBXFileReference; lastKnownFileType = text.plist.strings; name = en; path = en.lproj/Localizable.strings; sourceTree = "<group>"; };
		80B4543324D2DB5200B4EE74 /* FiltersApp.app */ = {isa = PBXFileReference; explicitFileType = wrapper.application; includeInIndex = 0; path = FiltersApp.app; sourceTree = BUILT_PRODUCTS_DIR; };
		80B4543624D2DB5200B4EE74 /* AppDelegate.swift */ = {isa = PBXFileReference; lastKnownFileType = sourcecode.swift; path = AppDelegate.swift; sourceTree = "<group>"; };
		80B4543824D2DB5200B4EE74 /* SceneDelegate.swift */ = {isa = PBXFileReference; lastKnownFileType = sourcecode.swift; path = SceneDelegate.swift; sourceTree = "<group>"; };
		80B4543A24D2DB5200B4EE74 /* ContentView.swift */ = {isa = PBXFileReference; lastKnownFileType = sourcecode.swift; path = ContentView.swift; sourceTree = "<group>"; };
		80B4543C24D2DB5300B4EE74 /* Assets.xcassets */ = {isa = PBXFileReference; lastKnownFileType = folder.assetcatalog; path = Assets.xcassets; sourceTree = "<group>"; };
		80B4543F24D2DB5300B4EE74 /* Preview Assets.xcassets */ = {isa = PBXFileReference; lastKnownFileType = folder.assetcatalog; path = "Preview Assets.xcassets"; sourceTree = "<group>"; };
		80B4544224D2DB5300B4EE74 /* Base */ = {isa = PBXFileReference; lastKnownFileType = file.storyboard; name = Base; path = Base.lproj/LaunchScreen.storyboard; sourceTree = "<group>"; };
		80B4544424D2DB5300B4EE74 /* Info.plist */ = {isa = PBXFileReference; lastKnownFileType = text.plist.xml; path = Info.plist; sourceTree = "<group>"; };
		80B4544A24D2DB7600B4EE74 /* Filter.swift */ = {isa = PBXFileReference; lastKnownFileType = sourcecode.swift; path = Filter.swift; sourceTree = "<group>"; };
		80B4544C24D2E26500B4EE74 /* FilterView.swift */ = {isa = PBXFileReference; lastKnownFileType = sourcecode.swift; path = FilterView.swift; sourceTree = "<group>"; };
		80B4544E24D2E73300B4EE74 /* StorageManager.swift */ = {isa = PBXFileReference; lastKnownFileType = sourcecode.swift; path = StorageManager.swift; sourceTree = "<group>"; };
		80CEAE5D24D7759E00A7C590 /* FirstViews.swift */ = {isa = PBXFileReference; lastKnownFileType = sourcecode.swift; path = FirstViews.swift; sourceTree = "<group>"; };
		80CEAE6124DA0A7200A7C590 /* ActivityIndicator.swift */ = {isa = PBXFileReference; lastKnownFileType = sourcecode.swift; path = ActivityIndicator.swift; sourceTree = "<group>"; };
		80CEAE6324DA12B300A7C590 /* TutorialDetailView.swift */ = {isa = PBXFileReference; lastKnownFileType = sourcecode.swift; path = TutorialDetailView.swift; sourceTree = "<group>"; };
		80CEAE6524DA15ED00A7C590 /* TitleView.swift */ = {isa = PBXFileReference; lastKnownFileType = sourcecode.swift; path = TitleView.swift; sourceTree = "<group>"; };
		80E7C04C24D2E81D00E2ED55 /* GlobalData.swift */ = {isa = PBXFileReference; lastKnownFileType = sourcecode.swift; path = GlobalData.swift; sourceTree = "<group>"; };
		80E7C05024D2EB1100E2ED55 /* FiltersList.swift */ = {isa = PBXFileReference; lastKnownFileType = sourcecode.swift; path = FiltersList.swift; sourceTree = "<group>"; };
		80E7C05224D2F86600E2ED55 /* Extensions.swift */ = {isa = PBXFileReference; lastKnownFileType = sourcecode.swift; path = Extensions.swift; sourceTree = "<group>"; };
		80E7C05A24D312B000E2ED55 /* FilterPreview.swift */ = {isa = PBXFileReference; lastKnownFileType = sourcecode.swift; path = FilterPreview.swift; sourceTree = "<group>"; };
		8BFEF8BA1A68A1A931431915 /* Pods_FiltersApp.framework */ = {isa = PBXFileReference; explicitFileType = wrapper.framework; includeInIndex = 0; path = Pods_FiltersApp.framework; sourceTree = BUILT_PRODUCTS_DIR; };
/* End PBXFileReference section */

/* Begin PBXFrameworksBuildPhase section */
		80B4543024D2DB5200B4EE74 /* Frameworks */ = {
			isa = PBXFrameworksBuildPhase;
			buildActionMask = 2147483647;
			files = (
				1CCF4CAF30ABAC7343F89640 /* Pods_FiltersApp.framework in Frameworks */,
			);
			runOnlyForDeploymentPostprocessing = 0;
		};
/* End PBXFrameworksBuildPhase section */

/* Begin PBXGroup section */
		7BC5C0D710F108DF5A0A7470 /* Pods */ = {
			isa = PBXGroup;
			children = (
				1B52F2BE4B56E9D2E5799791 /* Pods-FiltersApp.debug.xcconfig */,
				18F9DF6A279244011EA2B03D /* Pods-FiltersApp.release.xcconfig */,
			);
			path = Pods;
			sourceTree = "<group>";
		};
		805EBC0324D605570058BCBF /* DetailedFilterInfo */ = {
			isa = PBXGroup;
			children = (
				805EBC0424D605760058BCBF /* imageInfoView.swift */,
			);
			path = DetailedFilterInfo;
			sourceTree = "<group>";
		};
		805EBC0624D605AC0058BCBF /* Tutorials */ = {
			isa = PBXGroup;
			children = (
				805EBC0724D605BA0058BCBF /* TutorialView.swift */,
				80CEAE5D24D7759E00A7C590 /* FirstViews.swift */,
				80CEAE6324DA12B300A7C590 /* TutorialDetailView.swift */,
				80CEAE6524DA15ED00A7C590 /* TitleView.swift */,
			);
			path = Tutorials;
			sourceTree = "<group>";
		};
		805EBC0924D605D80058BCBF /* Filter */ = {
			isa = PBXGroup;
			children = (
				805EBC0A24D605E20058BCBF /* Model */,
				805EBC0B24D605ED0058BCBF /* View */,
			);
			path = Filter;
			sourceTree = "<group>";
		};
		805EBC0A24D605E20058BCBF /* Model */ = {
			isa = PBXGroup;
			children = (
				805EBC0124D5ACC80058BCBF /* ImageSettings.swift */,
				80B4544A24D2DB7600B4EE74 /* Filter.swift */,
			);
			path = Model;
			sourceTree = "<group>";
		};
		805EBC0B24D605ED0058BCBF /* View */ = {
			isa = PBXGroup;
			children = (
				80E7C05024D2EB1100E2ED55 /* FiltersList.swift */,
				80B4544C24D2E26500B4EE74 /* FilterView.swift */,
				80E7C05A24D312B000E2ED55 /* FilterPreview.swift */,
				80844F74255FF98900666243 /* LikedFiltersList.swift */,
			);
			path = View;
			sourceTree = "<group>";
		};
		805EBC0C24D606300058BCBF /* Data */ = {
			isa = PBXGroup;
			children = (
				80B4544E24D2E73300B4EE74 /* StorageManager.swift */,
				80E7C04C24D2E81D00E2ED55 /* GlobalData.swift */,
			);
			path = Data;
			sourceTree = "<group>";
		};
		805EBC1124D700F70058BCBF /* Pack */ = {
			isa = PBXGroup;
			children = (
				805EBC1224D701040058BCBF /* Model */,
				805EBC1324D7010E0058BCBF /* View */,
			);
			path = Pack;
			sourceTree = "<group>";
		};
		805EBC1224D701040058BCBF /* Model */ = {
			isa = PBXGroup;
			children = (
				805EBC0F24D6F7A00058BCBF /* pack.swift */,
			);
			path = Model;
			sourceTree = "<group>";
		};
		805EBC1324D7010E0058BCBF /* View */ = {
			isa = PBXGroup;
			children = (
				805EBC1424D701280058BCBF /* PackView.swift */,
				805EBC1624D7037E0058BCBF /* PackPreview.swift */,
			);
			path = View;
			sourceTree = "<group>";
		};
		809FDE4E24E59A7A00EFC1E8 /* Localizable */ = {
			isa = PBXGroup;
			children = (
				809FDE5324E59AAF00EFC1E8 /* Localizable.strings */,
			);
			path = Localizable;
			sourceTree = "<group>";
		};
		80B4542A24D2DB5200B4EE74 = {
			isa = PBXGroup;
			children = (
				80B4543524D2DB5200B4EE74 /* FiltersApp */,
				80B4543424D2DB5200B4EE74 /* Products */,
				7BC5C0D710F108DF5A0A7470 /* Pods */,
				F39F73B798401BC01437BAD1 /* Frameworks */,
			);
			sourceTree = "<group>";
		};
		80B4543424D2DB5200B4EE74 /* Products */ = {
			isa = PBXGroup;
			children = (
				80B4543324D2DB5200B4EE74 /* FiltersApp.app */,
			);
			name = Products;
			sourceTree = "<group>";
		};
		80B4543524D2DB5200B4EE74 /* FiltersApp */ = {
			isa = PBXGroup;
			children = (
				809FDE4E24E59A7A00EFC1E8 /* Localizable */,
				805EBC1124D700F70058BCBF /* Pack */,
				805EBC0C24D606300058BCBF /* Data */,
				805EBC0924D605D80058BCBF /* Filter */,
				805EBC0624D605AC0058BCBF /* Tutorials */,
				805EBC0324D605570058BCBF /* DetailedFilterInfo */,
				80B4543624D2DB5200B4EE74 /* AppDelegate.swift */,
				80B4543824D2DB5200B4EE74 /* SceneDelegate.swift */,
				80B4543A24D2DB5200B4EE74 /* ContentView.swift */,
				80E7C05224D2F86600E2ED55 /* Extensions.swift */,
				803B7A2B24D4C8AE00F23EA3 /* ShareScreen.swift */,
				8081C84D24D439C8005447F3 /* FiltersCategory.swift */,
				805EBBFF24D5AB5D0058BCBF /* GuideView.swift */,
				80B4543C24D2DB5300B4EE74 /* Assets.xcassets */,
				80B4544124D2DB5300B4EE74 /* LaunchScreen.storyboard */,
				80B4544424D2DB5300B4EE74 /* Info.plist */,
				80B4543E24D2DB5300B4EE74 /* Preview Content */,
				80CEAE6124DA0A7200A7C590 /* ActivityIndicator.swift */,
			);
			path = FiltersApp;
			sourceTree = "<group>";
		};
		80B4543E24D2DB5300B4EE74 /* Preview Content */ = {
			isa = PBXGroup;
			children = (
				80B4543F24D2DB5300B4EE74 /* Preview Assets.xcassets */,
			);
			path = "Preview Content";
			sourceTree = "<group>";
		};
		F39F73B798401BC01437BAD1 /* Frameworks */ = {
			isa = PBXGroup;
			children = (
				8BFEF8BA1A68A1A931431915 /* Pods_FiltersApp.framework */,
			);
			name = Frameworks;
			sourceTree = "<group>";
		};
/* End PBXGroup section */

/* Begin PBXNativeTarget section */
		80B4543224D2DB5200B4EE74 /* FiltersApp */ = {
			isa = PBXNativeTarget;
			buildConfigurationList = 80B4544724D2DB5300B4EE74 /* Build configuration list for PBXNativeTarget "FiltersApp" */;
			buildPhases = (
				009E1C7EEE31F3EE575FEE13 /* [CP] Check Pods Manifest.lock */,
				80B4542F24D2DB5200B4EE74 /* Sources */,
				80B4543024D2DB5200B4EE74 /* Frameworks */,
				80B4543124D2DB5200B4EE74 /* Resources */,
				70A30C965ACCEBDAE5C24DE0 /* [CP] Embed Pods Frameworks */,
			);
			buildRules = (
			);
			dependencies = (
			);
			name = FiltersApp;
			productName = FiltersApp;
			productReference = 80B4543324D2DB5200B4EE74 /* FiltersApp.app */;
			productType = "com.apple.product-type.application";
		};
/* End PBXNativeTarget section */

/* Begin PBXProject section */
		80B4542B24D2DB5200B4EE74 /* Project object */ = {
			isa = PBXProject;
			attributes = {
				LastSwiftUpdateCheck = 1200;
				LastUpgradeCheck = 1200;
				TargetAttributes = {
					80B4543224D2DB5200B4EE74 = {
						CreatedOnToolsVersion = 12.0;
					};
				};
			};
			buildConfigurationList = 80B4542E24D2DB5200B4EE74 /* Build configuration list for PBXProject "FiltersApp" */;
			compatibilityVersion = "Xcode 9.3";
			developmentRegion = en;
			hasScannedForEncodings = 0;
			knownRegions = (
				en,
				Base,
				ru,
			);
			mainGroup = 80B4542A24D2DB5200B4EE74;
			productRefGroup = 80B4543424D2DB5200B4EE74 /* Products */;
			projectDirPath = "";
			projectRoot = "";
			targets = (
				80B4543224D2DB5200B4EE74 /* FiltersApp */,
			);
		};
/* End PBXProject section */

/* Begin PBXResourcesBuildPhase section */
		80B4543124D2DB5200B4EE74 /* Resources */ = {
			isa = PBXResourcesBuildPhase;
			buildActionMask = 2147483647;
			files = (
				80B4544324D2DB5300B4EE74 /* LaunchScreen.storyboard in Resources */,
				809FDE5124E59AAF00EFC1E8 /* Localizable.strings in Resources */,
				80B4544024D2DB5300B4EE74 /* Preview Assets.xcassets in Resources */,
				80B4543D24D2DB5300B4EE74 /* Assets.xcassets in Resources */,
			);
			runOnlyForDeploymentPostprocessing = 0;
		};
/* End PBXResourcesBuildPhase section */

/* Begin PBXShellScriptBuildPhase section */
		009E1C7EEE31F3EE575FEE13 /* [CP] Check Pods Manifest.lock */ = {
			isa = PBXShellScriptBuildPhase;
			buildActionMask = 2147483647;
			files = (
			);
			inputFileListPaths = (
			);
			inputPaths = (
				"${PODS_PODFILE_DIR_PATH}/Podfile.lock",
				"${PODS_ROOT}/Manifest.lock",
			);
			name = "[CP] Check Pods Manifest.lock";
			outputFileListPaths = (
			);
			outputPaths = (
				"$(DERIVED_FILE_DIR)/Pods-FiltersApp-checkManifestLockResult.txt",
			);
			runOnlyForDeploymentPostprocessing = 0;
			shellPath = /bin/sh;
			shellScript = "diff \"${PODS_PODFILE_DIR_PATH}/Podfile.lock\" \"${PODS_ROOT}/Manifest.lock\" > /dev/null\nif [ $? != 0 ] ; then\n    # print error to STDERR\n    echo \"error: The sandbox is not in sync with the Podfile.lock. Run 'pod install' or update your CocoaPods installation.\" >&2\n    exit 1\nfi\n# This output is used by Xcode 'outputs' to avoid re-running this script phase.\necho \"SUCCESS\" > \"${SCRIPT_OUTPUT_FILE_0}\"\n";
			showEnvVarsInLog = 0;
		};
		70A30C965ACCEBDAE5C24DE0 /* [CP] Embed Pods Frameworks */ = {
			isa = PBXShellScriptBuildPhase;
			buildActionMask = 2147483647;
			files = (
			);
			inputFileListPaths = (
				"${PODS_ROOT}/Target Support Files/Pods-FiltersApp/Pods-FiltersApp-frameworks-${CONFIGURATION}-input-files.xcfilelist",
			);
			name = "[CP] Embed Pods Frameworks";
			outputFileListPaths = (
				"${PODS_ROOT}/Target Support Files/Pods-FiltersApp/Pods-FiltersApp-frameworks-${CONFIGURATION}-output-files.xcfilelist",
			);
			runOnlyForDeploymentPostprocessing = 0;
			shellPath = /bin/sh;
			shellScript = "\"${PODS_ROOT}/Target Support Files/Pods-FiltersApp/Pods-FiltersApp-frameworks.sh\"\n";
			showEnvVarsInLog = 0;
		};
/* End PBXShellScriptBuildPhase section */

/* Begin PBXSourcesBuildPhase section */
		80B4542F24D2DB5200B4EE74 /* Sources */ = {
			isa = PBXSourcesBuildPhase;
			buildActionMask = 2147483647;
			files = (
				805EBC1724D7037E0058BCBF /* PackPreview.swift in Sources */,
				80E7C04D24D2E81D00E2ED55 /* GlobalData.swift in Sources */,
				80B4543724D2DB5200B4EE74 /* AppDelegate.swift in Sources */,
				805EBC1524D701280058BCBF /* PackView.swift in Sources */,
				80CEAE6224DA0A7200A7C590 /* ActivityIndicator.swift in Sources */,
				8081C84E24D439C8005447F3 /* FiltersCategory.swift in Sources */,
				80B4544F24D2E73300B4EE74 /* StorageManager.swift in Sources */,
				80B4544B24D2DB7600B4EE74 /* Filter.swift in Sources */,
				80E7C05324D2F86600E2ED55 /* Extensions.swift in Sources */,
				80CEAE6424DA12B400A7C590 /* TutorialDetailView.swift in Sources */,
				80CEAE5E24D7759E00A7C590 /* FirstViews.swift in Sources */,
				80B4543924D2DB5200B4EE74 /* SceneDelegate.swift in Sources */,
				805EBC0524D605760058BCBF /* imageInfoView.swift in Sources */,
				805EBC0824D605BA0058BCBF /* TutorialView.swift in Sources */,
				80E7C05124D2EB1100E2ED55 /* FiltersList.swift in Sources */,
				80844F75255FF98900666243 /* LikedFiltersList.swift in Sources */,
				80CEAE6624DA15ED00A7C590 /* TitleView.swift in Sources */,
				80B4544D24D2E26500B4EE74 /* FilterView.swift in Sources */,
				80E7C05B24D312B000E2ED55 /* FilterPreview.swift in Sources */,
				805EBC1024D6F7A00058BCBF /* pack.swift in Sources */,
				805EBC0024D5AB5D0058BCBF /* GuideView.swift in Sources */,
				80B4543B24D2DB5200B4EE74 /* ContentView.swift in Sources */,
				805EBC0224D5ACC80058BCBF /* ImageSettings.swift in Sources */,
				803B7A2C24D4C8AE00F23EA3 /* ShareScreen.swift in Sources */,
			);
			runOnlyForDeploymentPostprocessing = 0;
		};
/* End PBXSourcesBuildPhase section */

/* Begin PBXVariantGroup section */
		809FDE5324E59AAF00EFC1E8 /* Localizable.strings */ = {
			isa = PBXVariantGroup;
			children = (
				809FDE5224E59AAF00EFC1E8 /* ru */,
				809FDE5524E59BD600EFC1E8 /* en */,
			);
			name = Localizable.strings;
			sourceTree = "<group>";
		};
		80B4544124D2DB5300B4EE74 /* LaunchScreen.storyboard */ = {
			isa = PBXVariantGroup;
			children = (
				80B4544224D2DB5300B4EE74 /* Base */,
				809FDE4B24E5999F00EFC1E8 /* ru */,
			);
			name = LaunchScreen.storyboard;
			sourceTree = "<group>";
		};
/* End PBXVariantGroup section */

/* Begin XCBuildConfiguration section */
		80B4544524D2DB5300B4EE74 /* Debug */ = {
			isa = XCBuildConfiguration;
			buildSettings = {
				ALWAYS_SEARCH_USER_PATHS = NO;
				CLANG_ANALYZER_LOCALIZABILITY_NONLOCALIZED = YES;
				CLANG_ANALYZER_NONNULL = YES;
				CLANG_ANALYZER_NUMBER_OBJECT_CONVERSION = YES_AGGRESSIVE;
				CLANG_CXX_LANGUAGE_STANDARD = "gnu++14";
				CLANG_CXX_LIBRARY = "libc++";
				CLANG_ENABLE_MODULES = YES;
				CLANG_ENABLE_OBJC_ARC = YES;
				CLANG_ENABLE_OBJC_WEAK = YES;
				CLANG_WARN_BLOCK_CAPTURE_AUTORELEASING = YES;
				CLANG_WARN_BOOL_CONVERSION = YES;
				CLANG_WARN_COMMA = YES;
				CLANG_WARN_CONSTANT_CONVERSION = YES;
				CLANG_WARN_DEPRECATED_OBJC_IMPLEMENTATIONS = YES;
				CLANG_WARN_DIRECT_OBJC_ISA_USAGE = YES_ERROR;
				CLANG_WARN_DOCUMENTATION_COMMENTS = YES;
				CLANG_WARN_EMPTY_BODY = YES;
				CLANG_WARN_ENUM_CONVERSION = YES;
				CLANG_WARN_INFINITE_RECURSION = YES;
				CLANG_WARN_INT_CONVERSION = YES;
				CLANG_WARN_NON_LITERAL_NULL_CONVERSION = YES;
				CLANG_WARN_OBJC_IMPLICIT_RETAIN_SELF = YES;
				CLANG_WARN_OBJC_LITERAL_CONVERSION = YES;
				CLANG_WARN_OBJC_ROOT_CLASS = YES_ERROR;
				CLANG_WARN_QUOTED_INCLUDE_IN_FRAMEWORK_HEADER = YES;
				CLANG_WARN_RANGE_LOOP_ANALYSIS = YES;
				CLANG_WARN_STRICT_PROTOTYPES = YES;
				CLANG_WARN_SUSPICIOUS_MOVE = YES;
				CLANG_WARN_UNGUARDED_AVAILABILITY = YES_AGGRESSIVE;
				CLANG_WARN_UNREACHABLE_CODE = YES;
				CLANG_WARN__DUPLICATE_METHOD_MATCH = YES;
				COPY_PHASE_STRIP = NO;
				DEBUG_INFORMATION_FORMAT = dwarf;
				ENABLE_STRICT_OBJC_MSGSEND = YES;
				ENABLE_TESTABILITY = YES;
				GCC_C_LANGUAGE_STANDARD = gnu11;
				GCC_DYNAMIC_NO_PIC = NO;
				GCC_NO_COMMON_BLOCKS = YES;
				GCC_OPTIMIZATION_LEVEL = 0;
				GCC_PREPROCESSOR_DEFINITIONS = (
					"DEBUG=1",
					"$(inherited)",
				);
				GCC_WARN_64_TO_32_BIT_CONVERSION = YES;
				GCC_WARN_ABOUT_RETURN_TYPE = YES_ERROR;
				GCC_WARN_UNDECLARED_SELECTOR = YES;
				GCC_WARN_UNINITIALIZED_AUTOS = YES_AGGRESSIVE;
				GCC_WARN_UNUSED_FUNCTION = YES;
				GCC_WARN_UNUSED_VARIABLE = YES;
				IPHONEOS_DEPLOYMENT_TARGET = 14.0;
				MTL_ENABLE_DEBUG_INFO = INCLUDE_SOURCE;
				MTL_FAST_MATH = YES;
				ONLY_ACTIVE_ARCH = YES;
				SDKROOT = iphoneos;
				SWIFT_ACTIVE_COMPILATION_CONDITIONS = DEBUG;
				SWIFT_OPTIMIZATION_LEVEL = "-Onone";
			};
			name = Debug;
		};
		80B4544624D2DB5300B4EE74 /* Release */ = {
			isa = XCBuildConfiguration;
			buildSettings = {
				ALWAYS_SEARCH_USER_PATHS = NO;
				CLANG_ANALYZER_LOCALIZABILITY_NONLOCALIZED = YES;
				CLANG_ANALYZER_NONNULL = YES;
				CLANG_ANALYZER_NUMBER_OBJECT_CONVERSION = YES_AGGRESSIVE;
				CLANG_CXX_LANGUAGE_STANDARD = "gnu++14";
				CLANG_CXX_LIBRARY = "libc++";
				CLANG_ENABLE_MODULES = YES;
				CLANG_ENABLE_OBJC_ARC = YES;
				CLANG_ENABLE_OBJC_WEAK = YES;
				CLANG_WARN_BLOCK_CAPTURE_AUTORELEASING = YES;
				CLANG_WARN_BOOL_CONVERSION = YES;
				CLANG_WARN_COMMA = YES;
				CLANG_WARN_CONSTANT_CONVERSION = YES;
				CLANG_WARN_DEPRECATED_OBJC_IMPLEMENTATIONS = YES;
				CLANG_WARN_DIRECT_OBJC_ISA_USAGE = YES_ERROR;
				CLANG_WARN_DOCUMENTATION_COMMENTS = YES;
				CLANG_WARN_EMPTY_BODY = YES;
				CLANG_WARN_ENUM_CONVERSION = YES;
				CLANG_WARN_INFINITE_RECURSION = YES;
				CLANG_WARN_INT_CONVERSION = YES;
				CLANG_WARN_NON_LITERAL_NULL_CONVERSION = YES;
				CLANG_WARN_OBJC_IMPLICIT_RETAIN_SELF = YES;
				CLANG_WARN_OBJC_LITERAL_CONVERSION = YES;
				CLANG_WARN_OBJC_ROOT_CLASS = YES_ERROR;
				CLANG_WARN_QUOTED_INCLUDE_IN_FRAMEWORK_HEADER = YES;
				CLANG_WARN_RANGE_LOOP_ANALYSIS = YES;
				CLANG_WARN_STRICT_PROTOTYPES = YES;
				CLANG_WARN_SUSPICIOUS_MOVE = YES;
				CLANG_WARN_UNGUARDED_AVAILABILITY = YES_AGGRESSIVE;
				CLANG_WARN_UNREACHABLE_CODE = YES;
				CLANG_WARN__DUPLICATE_METHOD_MATCH = YES;
				COPY_PHASE_STRIP = NO;
				DEBUG_INFORMATION_FORMAT = "dwarf-with-dsym";
				ENABLE_NS_ASSERTIONS = NO;
				ENABLE_STRICT_OBJC_MSGSEND = YES;
				GCC_C_LANGUAGE_STANDARD = gnu11;
				GCC_NO_COMMON_BLOCKS = YES;
				GCC_WARN_64_TO_32_BIT_CONVERSION = YES;
				GCC_WARN_ABOUT_RETURN_TYPE = YES_ERROR;
				GCC_WARN_UNDECLARED_SELECTOR = YES;
				GCC_WARN_UNINITIALIZED_AUTOS = YES_AGGRESSIVE;
				GCC_WARN_UNUSED_FUNCTION = YES;
				GCC_WARN_UNUSED_VARIABLE = YES;
				IPHONEOS_DEPLOYMENT_TARGET = 14.0;
				MTL_ENABLE_DEBUG_INFO = NO;
				MTL_FAST_MATH = YES;
				SDKROOT = iphoneos;
				SWIFT_COMPILATION_MODE = wholemodule;
				SWIFT_OPTIMIZATION_LEVEL = "-O";
				VALIDATE_PRODUCT = YES;
			};
			name = Release;
		};
		80B4544824D2DB5300B4EE74 /* Debug */ = {
			isa = XCBuildConfiguration;
			baseConfigurationReference = 1B52F2BE4B56E9D2E5799791 /* Pods-FiltersApp.debug.xcconfig */;
			buildSettings = {
				ASSETCATALOG_COMPILER_APPICON_NAME = AppIcon;
				ASSETCATALOG_COMPILER_GLOBAL_ACCENT_COLOR_NAME = AccentColor;
				CODE_SIGN_STYLE = Automatic;
				DEVELOPMENT_ASSET_PATHS = "\"FiltersApp/Preview Content\"";
				DEVELOPMENT_TEAM = Z6TZXH8MS8;
				ENABLE_PREVIEWS = YES;
				INFOPLIST_FILE = FiltersApp/Info.plist;
				LD_RUNPATH_SEARCH_PATHS = (
					"$(inherited)",
					"@executable_path/Frameworks",
				);
				MARKETING_VERSION = 1.2;
				PRODUCT_BUNDLE_IDENTIFIER = com.nickyapp.FiltersApp;
				PRODUCT_NAME = "$(TARGET_NAME)";
				SWIFT_VERSION = 5.0;
				TARGETED_DEVICE_FAMILY = "1,2";
			};
			name = Debug;
		};
		80B4544924D2DB5300B4EE74 /* Release */ = {
			isa = XCBuildConfiguration;
			baseConfigurationReference = 18F9DF6A279244011EA2B03D /* Pods-FiltersApp.release.xcconfig */;
			buildSettings = {
				ASSETCATALOG_COMPILER_APPICON_NAME = AppIcon;
				ASSETCATALOG_COMPILER_GLOBAL_ACCENT_COLOR_NAME = AccentColor;
				CODE_SIGN_STYLE = Automatic;
				DEVELOPMENT_ASSET_PATHS = "\"FiltersApp/Preview Content\"";
				DEVELOPMENT_TEAM = Z6TZXH8MS8;
				ENABLE_PREVIEWS = YES;
				INFOPLIST_FILE = FiltersApp/Info.plist;
				LD_RUNPATH_SEARCH_PATHS = (
					"$(inherited)",
					"@executable_path/Frameworks",
				);
				MARKETING_VERSION = 1.2;
				PRODUCT_BUNDLE_IDENTIFIER = com.nickyapp.FiltersApp;
				PRODUCT_NAME = "$(TARGET_NAME)";
				SWIFT_VERSION = 5.0;
				TARGETED_DEVICE_FAMILY = "1,2";
			};
			name = Release;
		};
/* End XCBuildConfiguration section */

/* Begin XCConfigurationList section */
		80B4542E24D2DB5200B4EE74 /* Build configuration list for PBXProject "FiltersApp" */ = {
			isa = XCConfigurationList;
			buildConfigurations = (
				80B4544524D2DB5300B4EE74 /* Debug */,
				80B4544624D2DB5300B4EE74 /* Release */,
			);
			defaultConfigurationIsVisible = 0;
			defaultConfigurationName = Release;
		};
		80B4544724D2DB5300B4EE74 /* Build configuration list for PBXNativeTarget "FiltersApp" */ = {
			isa = XCConfigurationList;
			buildConfigurations = (
				80B4544824D2DB5300B4EE74 /* Debug */,
				80B4544924D2DB5300B4EE74 /* Release */,
			);
			defaultConfigurationIsVisible = 0;
			defaultConfigurationName = Release;
		};
/* End XCConfigurationList section */
	};
	rootObject = 80B4542B24D2DB5200B4EE74 /* Project object */;
}
