// !$*UTF8*$!
{
	archiveVersion = 1;
	classes = {
	};
	objectVersion = 52;
	objects = {

/* Begin PBXBuildFile section */
		800F752625CFEBE400CB2AF8 /* FilterStorage.swift in Sources */ = {isa = PBXBuildFile; fileRef = 800F752525CFEBE400CB2AF8 /* FilterStorage.swift */; };
		803B7A2C24D4C8AE00F23EA3 /* ShareScreen.swift in Sources */ = {isa = PBXBuildFile; fileRef = 803B7A2B24D4C8AE00F23EA3 /* ShareScreen.swift */; };
		805EBC0224D5ACC80058BCBF /* ImageSettings.swift in Sources */ = {isa = PBXBuildFile; fileRef = 805EBC0124D5ACC80058BCBF /* ImageSettings.swift */; };
		805EBC0524D605760058BCBF /* ImageInfoView.swift in Sources */ = {isa = PBXBuildFile; fileRef = 805EBC0424D605760058BCBF /* ImageInfoView.swift */; };
		805EBC0824D605BA0058BCBF /* TutorialView.swift in Sources */ = {isa = PBXBuildFile; fileRef = 805EBC0724D605BA0058BCBF /* TutorialView.swift */; };
		805EBC1024D6F7A00058BCBF /* Pack.swift in Sources */ = {isa = PBXBuildFile; fileRef = 805EBC0F24D6F7A00058BCBF /* Pack.swift */; };
		805EBC1524D701280058BCBF /* PackView.swift in Sources */ = {isa = PBXBuildFile; fileRef = 805EBC1424D701280058BCBF /* PackView.swift */; };
		805EBC1724D7037E0058BCBF /* PackPreview.swift in Sources */ = {isa = PBXBuildFile; fileRef = 805EBC1624D7037E0058BCBF /* PackPreview.swift */; };
		8061C5F428210B23006727BB /* PackViewModel.swift in Sources */ = {isa = PBXBuildFile; fileRef = 8061C5F328210B23006727BB /* PackViewModel.swift */; };
		8061C5F628210D28006727BB /* FilterViewModel.swift in Sources */ = {isa = PBXBuildFile; fileRef = 8061C5F528210D28006727BB /* FilterViewModel.swift */; };
		8081C84E24D439C8005447F3 /* FiltersCategory.swift in Sources */ = {isa = PBXBuildFile; fileRef = 8081C84D24D439C8005447F3 /* FiltersCategory.swift */; };
		80844F75255FF98900666243 /* LikedFiltersList.swift in Sources */ = {isa = PBXBuildFile; fileRef = 80844F74255FF98900666243 /* LikedFiltersList.swift */; };
		80904BF9272A0D9D0053A2F4 /* StoreKit.framework in Frameworks */ = {isa = PBXBuildFile; fileRef = 80904BF8272A0D9D0053A2F4 /* StoreKit.framework */; };
		809FDE5124E59AAF00EFC1E8 /* Localizable.strings in Resources */ = {isa = PBXBuildFile; fileRef = 809FDE5324E59AAF00EFC1E8 /* Localizable.strings */; };
		80A190DC25C9BD1300775058 /* LikeButtonView.swift in Sources */ = {isa = PBXBuildFile; fileRef = 80A190DB25C9BD1300775058 /* LikeButtonView.swift */; };
		80A190E025C9BD6300775058 /* PackNavigationItemsView.swift in Sources */ = {isa = PBXBuildFile; fileRef = 80A190DF25C9BD6300775058 /* PackNavigationItemsView.swift */; };
		80A190E325C9BDB800775058 /* LoadMoreButtonView.swift in Sources */ = {isa = PBXBuildFile; fileRef = 80A190E225C9BDB800775058 /* LoadMoreButtonView.swift */; };
		80A190E725C9BDFD00775058 /* UnderImageLineView.swift in Sources */ = {isa = PBXBuildFile; fileRef = 80A190E625C9BDFD00775058 /* UnderImageLineView.swift */; };
		80B4543724D2DB5200B4EE74 /* AppDelegate.swift in Sources */ = {isa = PBXBuildFile; fileRef = 80B4543624D2DB5200B4EE74 /* AppDelegate.swift */; };
		80B4543924D2DB5200B4EE74 /* SceneDelegate.swift in Sources */ = {isa = PBXBuildFile; fileRef = 80B4543824D2DB5200B4EE74 /* SceneDelegate.swift */; };
		80B4543B24D2DB5200B4EE74 /* ContentView.swift in Sources */ = {isa = PBXBuildFile; fileRef = 80B4543A24D2DB5200B4EE74 /* ContentView.swift */; };
		80B4543D24D2DB5300B4EE74 /* Assets.xcassets in Resources */ = {isa = PBXBuildFile; fileRef = 80B4543C24D2DB5300B4EE74 /* Assets.xcassets */; };
		80B4544024D2DB5300B4EE74 /* Preview Assets.xcassets in Resources */ = {isa = PBXBuildFile; fileRef = 80B4543F24D2DB5300B4EE74 /* Preview Assets.xcassets */; };
		80B4544324D2DB5300B4EE74 /* LaunchScreen.storyboard in Resources */ = {isa = PBXBuildFile; fileRef = 80B4544124D2DB5300B4EE74 /* LaunchScreen.storyboard */; };
		80B4544B24D2DB7600B4EE74 /* Filter.swift in Sources */ = {isa = PBXBuildFile; fileRef = 80B4544A24D2DB7600B4EE74 /* Filter.swift */; };
		80B4544D24D2E26500B4EE74 /* FilterView.swift in Sources */ = {isa = PBXBuildFile; fileRef = 80B4544C24D2E26500B4EE74 /* FilterView.swift */; };
		80CBB176259DF4710072BE39 /* AdviceView.swift in Sources */ = {isa = PBXBuildFile; fileRef = 80CBB175259DF4710072BE39 /* AdviceView.swift */; };
		80CEAE5E24D7759E00A7C590 /* FirstViews.swift in Sources */ = {isa = PBXBuildFile; fileRef = 80CEAE5D24D7759E00A7C590 /* FirstViews.swift */; };
		80CEAE6224DA0A7200A7C590 /* ActivityIndicator.swift in Sources */ = {isa = PBXBuildFile; fileRef = 80CEAE6124DA0A7200A7C590 /* ActivityIndicator.swift */; };
		80CEAE6424DA12B400A7C590 /* TutorialDetailView.swift in Sources */ = {isa = PBXBuildFile; fileRef = 80CEAE6324DA12B300A7C590 /* TutorialDetailView.swift */; };
		80CEAE6624DA15ED00A7C590 /* TitleView.swift in Sources */ = {isa = PBXBuildFile; fileRef = 80CEAE6524DA15ED00A7C590 /* TitleView.swift */; };
		80D369BF2838CE68007654AF /* FiltersAppUITests.swift in Sources */ = {isa = PBXBuildFile; fileRef = 80D369BE2838CE68007654AF /* FiltersAppUITests.swift */; };
		80D369C12838CE68007654AF /* FiltersAppUITestsLaunchTests.swift in Sources */ = {isa = PBXBuildFile; fileRef = 80D369C02838CE68007654AF /* FiltersAppUITestsLaunchTests.swift */; };
		80E7C04D24D2E81D00E2ED55 /* GlobalData.swift in Sources */ = {isa = PBXBuildFile; fileRef = 80E7C04C24D2E81D00E2ED55 /* GlobalData.swift */; };
		80E7C05124D2EB1100E2ED55 /* FiltersList.swift in Sources */ = {isa = PBXBuildFile; fileRef = 80E7C05024D2EB1100E2ED55 /* FiltersList.swift */; };
		80E7C05324D2F86600E2ED55 /* Extensions.swift in Sources */ = {isa = PBXBuildFile; fileRef = 80E7C05224D2F86600E2ED55 /* Extensions.swift */; };
		80E7C05B24D312B000E2ED55 /* FilterPreview.swift in Sources */ = {isa = PBXBuildFile; fileRef = 80E7C05A24D312B000E2ED55 /* FilterPreview.swift */; };
		80EA47E825AE445000F2C526 /* HomeViewModel.swift in Sources */ = {isa = PBXBuildFile; fileRef = 80EA47E725AE445000F2C526 /* HomeViewModel.swift */; };
		80EA47EB25AE449400F2C526 /* ImagePicker.swift in Sources */ = {isa = PBXBuildFile; fileRef = 80EA47EA25AE449400F2C526 /* ImagePicker.swift */; };
		80EA47EE25AE44B600F2C526 /* CameraFilterView.swift in Sources */ = {isa = PBXBuildFile; fileRef = 80EA47ED25AE44B600F2C526 /* CameraFilterView.swift */; };
		80EBB66625B6093000A30F92 /* URLImage in Frameworks */ = {isa = PBXBuildFile; productRef = 80EBB66525B6093000A30F92 /* URLImage */; };
		80EBB66B25B609EA00A30F92 /* RealmSwift in Frameworks */ = {isa = PBXBuildFile; productRef = 80EBB66A25B609EA00A30F92 /* RealmSwift */; };
		80EBB66D25B609EA00A30F92 /* Realm in Frameworks */ = {isa = PBXBuildFile; productRef = 80EBB66C25B609EA00A30F92 /* Realm */; };
		80EBB67125B60A5100A30F92 /* SwiftyJSON in Frameworks */ = {isa = PBXBuildFile; productRef = 80EBB67025B60A5100A30F92 /* SwiftyJSON */; };
		80FE992425990A2400B75488 /* AdvicesListView.swift in Sources */ = {isa = PBXBuildFile; fileRef = 80FE992325990A2400B75488 /* AdvicesListView.swift */; };
		80FE992A25990A6C00B75488 /* advice.swift in Sources */ = {isa = PBXBuildFile; fileRef = 80FE992925990A6C00B75488 /* advice.swift */; };
/* End PBXBuildFile section */

/* Begin PBXContainerItemProxy section */
		80D369C22838CE68007654AF /* PBXContainerItemProxy */ = {
			isa = PBXContainerItemProxy;
			containerPortal = 80B4542B24D2DB5200B4EE74 /* Project object */;
			proxyType = 1;
			remoteGlobalIDString = 80B4543224D2DB5200B4EE74;
			remoteInfo = FiltersApp;
		};
/* End PBXContainerItemProxy section */

/* Begin PBXFileReference section */
		800F752525CFEBE400CB2AF8 /* FilterStorage.swift */ = {isa = PBXFileReference; lastKnownFileType = sourcecode.swift; path = FilterStorage.swift; sourceTree = "<group>"; };
		803B7A2B24D4C8AE00F23EA3 /* ShareScreen.swift */ = {isa = PBXFileReference; lastKnownFileType = sourcecode.swift; path = ShareScreen.swift; sourceTree = "<group>"; };
		805EBC0124D5ACC80058BCBF /* ImageSettings.swift */ = {isa = PBXFileReference; lastKnownFileType = sourcecode.swift; path = ImageSettings.swift; sourceTree = "<group>"; };
		805EBC0424D605760058BCBF /* ImageInfoView.swift */ = {isa = PBXFileReference; lastKnownFileType = sourcecode.swift; path = ImageInfoView.swift; sourceTree = "<group>"; };
		805EBC0724D605BA0058BCBF /* TutorialView.swift */ = {isa = PBXFileReference; lastKnownFileType = sourcecode.swift; path = TutorialView.swift; sourceTree = "<group>"; };
		805EBC0F24D6F7A00058BCBF /* Pack.swift */ = {isa = PBXFileReference; lastKnownFileType = sourcecode.swift; path = Pack.swift; sourceTree = "<group>"; };
		805EBC1424D701280058BCBF /* PackView.swift */ = {isa = PBXFileReference; lastKnownFileType = sourcecode.swift; path = PackView.swift; sourceTree = "<group>"; };
		805EBC1624D7037E0058BCBF /* PackPreview.swift */ = {isa = PBXFileReference; lastKnownFileType = sourcecode.swift; path = PackPreview.swift; sourceTree = "<group>"; };
		8061C5F328210B23006727BB /* PackViewModel.swift */ = {isa = PBXFileReference; lastKnownFileType = sourcecode.swift; path = PackViewModel.swift; sourceTree = "<group>"; };
		8061C5F528210D28006727BB /* FilterViewModel.swift */ = {isa = PBXFileReference; lastKnownFileType = sourcecode.swift; path = FilterViewModel.swift; sourceTree = "<group>"; };
		8081C84D24D439C8005447F3 /* FiltersCategory.swift */ = {isa = PBXFileReference; lastKnownFileType = sourcecode.swift; path = FiltersCategory.swift; sourceTree = "<group>"; };
		80844F74255FF98900666243 /* LikedFiltersList.swift */ = {isa = PBXFileReference; lastKnownFileType = sourcecode.swift; path = LikedFiltersList.swift; sourceTree = "<group>"; };
		80904BF8272A0D9D0053A2F4 /* StoreKit.framework */ = {isa = PBXFileReference; lastKnownFileType = wrapper.framework; name = StoreKit.framework; path = System/Library/Frameworks/StoreKit.framework; sourceTree = SDKROOT; };
		809FDE4B24E5999F00EFC1E8 /* ru */ = {isa = PBXFileReference; lastKnownFileType = text.plist.strings; name = ru; path = ru.lproj/LaunchScreen.strings; sourceTree = "<group>"; };
		809FDE5224E59AAF00EFC1E8 /* ru */ = {isa = PBXFileReference; lastKnownFileType = text.plist.strings; name = ru; path = ru.lproj/Localizable.strings; sourceTree = "<group>"; };
		809FDE5524E59BD600EFC1E8 /* en */ = {isa = PBXFileReference; lastKnownFileType = text.plist.strings; name = en; path = en.lproj/Localizable.strings; sourceTree = "<group>"; };
		80A190DB25C9BD1300775058 /* LikeButtonView.swift */ = {isa = PBXFileReference; lastKnownFileType = sourcecode.swift; path = LikeButtonView.swift; sourceTree = "<group>"; };
		80A190DF25C9BD6300775058 /* PackNavigationItemsView.swift */ = {isa = PBXFileReference; lastKnownFileType = sourcecode.swift; path = PackNavigationItemsView.swift; sourceTree = "<group>"; };
		80A190E225C9BDB800775058 /* LoadMoreButtonView.swift */ = {isa = PBXFileReference; lastKnownFileType = sourcecode.swift; path = LoadMoreButtonView.swift; sourceTree = "<group>"; };
		80A190E625C9BDFD00775058 /* UnderImageLineView.swift */ = {isa = PBXFileReference; lastKnownFileType = sourcecode.swift; path = UnderImageLineView.swift; sourceTree = "<group>"; };
		80B4543324D2DB5200B4EE74 /* FiltersApp.app */ = {isa = PBXFileReference; explicitFileType = wrapper.application; includeInIndex = 0; path = FiltersApp.app; sourceTree = BUILT_PRODUCTS_DIR; };
		80B4543624D2DB5200B4EE74 /* AppDelegate.swift */ = {isa = PBXFileReference; lastKnownFileType = sourcecode.swift; path = AppDelegate.swift; sourceTree = "<group>"; };
		80B4543824D2DB5200B4EE74 /* SceneDelegate.swift */ = {isa = PBXFileReference; lastKnownFileType = sourcecode.swift; path = SceneDelegate.swift; sourceTree = "<group>"; };
		80B4543A24D2DB5200B4EE74 /* ContentView.swift */ = {isa = PBXFileReference; lastKnownFileType = sourcecode.swift; path = ContentView.swift; sourceTree = "<group>"; };
		80B4543C24D2DB5300B4EE74 /* Assets.xcassets */ = {isa = PBXFileReference; lastKnownFileType = folder.assetcatalog; path = Assets.xcassets; sourceTree = "<group>"; };
		80B4543F24D2DB5300B4EE74 /* Preview Assets.xcassets */ = {isa = PBXFileReference; lastKnownFileType = folder.assetcatalog; path = "Preview Assets.xcassets"; sourceTree = "<group>"; };
		80B4544224D2DB5300B4EE74 /* Base */ = {isa = PBXFileReference; lastKnownFileType = file.storyboard; name = Base; path = Base.lproj/LaunchScreen.storyboard; sourceTree = "<group>"; };
		80B4544424D2DB5300B4EE74 /* Info.plist */ = {isa = PBXFileReference; lastKnownFileType = text.plist.xml; path = Info.plist; sourceTree = "<group>"; };
		80B4544A24D2DB7600B4EE74 /* Filter.swift */ = {isa = PBXFileReference; lastKnownFileType = sourcecode.swift; path = Filter.swift; sourceTree = "<group>"; };
		80B4544C24D2E26500B4EE74 /* FilterView.swift */ = {isa = PBXFileReference; lastKnownFileType = sourcecode.swift; path = FilterView.swift; sourceTree = "<group>"; };
		80CBB175259DF4710072BE39 /* AdviceView.swift */ = {isa = PBXFileReference; lastKnownFileType = sourcecode.swift; path = AdviceView.swift; sourceTree = "<group>"; };
		80CEAE5D24D7759E00A7C590 /* FirstViews.swift */ = {isa = PBXFileReference; lastKnownFileType = sourcecode.swift; path = FirstViews.swift; sourceTree = "<group>"; };
		80CEAE6124DA0A7200A7C590 /* ActivityIndicator.swift */ = {isa = PBXFileReference; lastKnownFileType = sourcecode.swift; path = ActivityIndicator.swift; sourceTree = "<group>"; };
		80CEAE6324DA12B300A7C590 /* TutorialDetailView.swift */ = {isa = PBXFileReference; lastKnownFileType = sourcecode.swift; path = TutorialDetailView.swift; sourceTree = "<group>"; };
		80CEAE6524DA15ED00A7C590 /* TitleView.swift */ = {isa = PBXFileReference; lastKnownFileType = sourcecode.swift; path = TitleView.swift; sourceTree = "<group>"; };
		80D369BC2838CE68007654AF /* FiltersAppUITests.xctest */ = {isa = PBXFileReference; explicitFileType = wrapper.cfbundle; includeInIndex = 0; path = FiltersAppUITests.xctest; sourceTree = BUILT_PRODUCTS_DIR; };
		80D369BE2838CE68007654AF /* FiltersAppUITests.swift */ = {isa = PBXFileReference; lastKnownFileType = sourcecode.swift; path = FiltersAppUITests.swift; sourceTree = "<group>"; };
		80D369C02838CE68007654AF /* FiltersAppUITestsLaunchTests.swift */ = {isa = PBXFileReference; lastKnownFileType = sourcecode.swift; path = FiltersAppUITestsLaunchTests.swift; sourceTree = "<group>"; };
		80E7C04C24D2E81D00E2ED55 /* GlobalData.swift */ = {isa = PBXFileReference; lastKnownFileType = sourcecode.swift; path = GlobalData.swift; sourceTree = "<group>"; };
		80E7C05024D2EB1100E2ED55 /* FiltersList.swift */ = {isa = PBXFileReference; lastKnownFileType = sourcecode.swift; path = FiltersList.swift; sourceTree = "<group>"; };
		80E7C05224D2F86600E2ED55 /* Extensions.swift */ = {isa = PBXFileReference; lastKnownFileType = sourcecode.swift; path = Extensions.swift; sourceTree = "<group>"; };
		80E7C05A24D312B000E2ED55 /* FilterPreview.swift */ = {isa = PBXFileReference; lastKnownFileType = sourcecode.swift; path = FilterPreview.swift; sourceTree = "<group>"; };
		80EA47E725AE445000F2C526 /* HomeViewModel.swift */ = {isa = PBXFileReference; lastKnownFileType = sourcecode.swift; path = HomeViewModel.swift; sourceTree = "<group>"; };
		80EA47EA25AE449400F2C526 /* ImagePicker.swift */ = {isa = PBXFileReference; lastKnownFileType = sourcecode.swift; path = ImagePicker.swift; sourceTree = "<group>"; };
		80EA47ED25AE44B600F2C526 /* CameraFilterView.swift */ = {isa = PBXFileReference; lastKnownFileType = sourcecode.swift; path = CameraFilterView.swift; sourceTree = "<group>"; };
		80EBB67325B61AF200A30F92 /* ja */ = {isa = PBXFileReference; lastKnownFileType = text.plist.strings; name = ja; path = ja.lproj/Localizable.strings; sourceTree = "<group>"; };
		80EBB67425B61D7700A30F92 /* fr */ = {isa = PBXFileReference; lastKnownFileType = text.plist.strings; name = fr; path = fr.lproj/Localizable.strings; sourceTree = "<group>"; };
		80EBB67525B61F3D00A30F92 /* zh-Hans */ = {isa = PBXFileReference; lastKnownFileType = text.plist.strings; name = "zh-Hans"; path = "zh-Hans.lproj/Localizable.strings"; sourceTree = "<group>"; };
		80EBB67625B620BC00A30F92 /* de */ = {isa = PBXFileReference; lastKnownFileType = text.plist.strings; name = de; path = de.lproj/Localizable.strings; sourceTree = "<group>"; };
		80FE992325990A2400B75488 /* AdvicesListView.swift */ = {isa = PBXFileReference; lastKnownFileType = sourcecode.swift; path = AdvicesListView.swift; sourceTree = "<group>"; };
		80FE992925990A6C00B75488 /* advice.swift */ = {isa = PBXFileReference; lastKnownFileType = sourcecode.swift; path = advice.swift; sourceTree = "<group>"; };
/* End PBXFileReference section */

/* Begin PBXFrameworksBuildPhase section */
		80B4543024D2DB5200B4EE74 /* Frameworks */ = {
			isa = PBXFrameworksBuildPhase;
			buildActionMask = 2147483647;
			files = (
				80EBB66D25B609EA00A30F92 /* Realm in Frameworks */,
				80EBB66B25B609EA00A30F92 /* RealmSwift in Frameworks */,
				80904BF9272A0D9D0053A2F4 /* StoreKit.framework in Frameworks */,
				80EBB67125B60A5100A30F92 /* SwiftyJSON in Frameworks */,
				80EBB66625B6093000A30F92 /* URLImage in Frameworks */,
			);
			runOnlyForDeploymentPostprocessing = 0;
		};
		80D369B92838CE68007654AF /* Frameworks */ = {
			isa = PBXFrameworksBuildPhase;
			buildActionMask = 2147483647;
			files = (
			);
			runOnlyForDeploymentPostprocessing = 0;
		};
/* End PBXFrameworksBuildPhase section */

/* Begin PBXGroup section */
		805EBC0324D605570058BCBF /* DetailedFilterInfo */ = {
			isa = PBXGroup;
			children = (
				805EBC0424D605760058BCBF /* ImageInfoView.swift */,
			);
			path = DetailedFilterInfo;
			sourceTree = "<group>";
		};
		805EBC0624D605AC0058BCBF /* Tutorials */ = {
			isa = PBXGroup;
			children = (
				80FE992625990A4900B75488 /* MainAdvices */,
				805EBC0724D605BA0058BCBF /* TutorialView.swift */,
				80CEAE5D24D7759E00A7C590 /* FirstViews.swift */,
				80CEAE6324DA12B300A7C590 /* TutorialDetailView.swift */,
				80CEAE6524DA15ED00A7C590 /* TitleView.swift */,
			);
			path = Tutorials;
			sourceTree = "<group>";
		};
		805EBC0924D605D80058BCBF /* Filter */ = {
			isa = PBXGroup;
			children = (
				805EBC0A24D605E20058BCBF /* Model */,
				805EBC0B24D605ED0058BCBF /* View */,
			);
			path = Filter;
			sourceTree = "<group>";
		};
		805EBC0A24D605E20058BCBF /* Model */ = {
			isa = PBXGroup;
			children = (
				805EBC0124D5ACC80058BCBF /* ImageSettings.swift */,
				80B4544A24D2DB7600B4EE74 /* Filter.swift */,
			);
			path = Model;
			sourceTree = "<group>";
		};
		805EBC0B24D605ED0058BCBF /* View */ = {
			isa = PBXGroup;
			children = (
				805EBC0324D605570058BCBF /* DetailedFilterInfo */,
				8081C84D24D439C8005447F3 /* FiltersCategory.swift */,
				80E7C05024D2EB1100E2ED55 /* FiltersList.swift */,
				80B4544C24D2E26500B4EE74 /* FilterView.swift */,
				8061C5F528210D28006727BB /* FilterViewModel.swift */,
				80E7C05A24D312B000E2ED55 /* FilterPreview.swift */,
				80844F74255FF98900666243 /* LikedFiltersList.swift */,
			);
			path = View;
			sourceTree = "<group>";
		};
		805EBC0C24D606300058BCBF /* Data */ = {
			isa = PBXGroup;
			children = (
				800F752525CFEBE400CB2AF8 /* FilterStorage.swift */,
				80E7C04C24D2E81D00E2ED55 /* GlobalData.swift */,
			);
			path = Data;
			sourceTree = "<group>";
		};
		805EBC1124D700F70058BCBF /* Pack */ = {
			isa = PBXGroup;
			children = (
				805EBC1224D701040058BCBF /* Model */,
				805EBC1324D7010E0058BCBF /* View */,
			);
			path = Pack;
			sourceTree = "<group>";
		};
		805EBC1224D701040058BCBF /* Model */ = {
			isa = PBXGroup;
			children = (
				805EBC0F24D6F7A00058BCBF /* Pack.swift */,
			);
			path = Model;
			sourceTree = "<group>";
		};
		805EBC1324D7010E0058BCBF /* View */ = {
			isa = PBXGroup;
			children = (
				805EBC1424D701280058BCBF /* PackView.swift */,
				805EBC1624D7037E0058BCBF /* PackPreview.swift */,
				8061C5F328210B23006727BB /* PackViewModel.swift */,
			);
			path = View;
			sourceTree = "<group>";
		};
		80904BF7272A0D9D0053A2F4 /* Frameworks */ = {
			isa = PBXGroup;
			children = (
				80904BF8272A0D9D0053A2F4 /* StoreKit.framework */,
			);
			name = Frameworks;
			sourceTree = "<group>";
		};
		809FDE4E24E59A7A00EFC1E8 /* Localizable */ = {
			isa = PBXGroup;
			children = (
				809FDE5324E59AAF00EFC1E8 /* Localizable.strings */,
			);
			path = Localizable;
			sourceTree = "<group>";
		};
		80A190DA25C9BCF100775058 /* Components */ = {
			isa = PBXGroup;
			children = (
				803B7A2B24D4C8AE00F23EA3 /* ShareScreen.swift */,
				80CEAE6124DA0A7200A7C590 /* ActivityIndicator.swift */,
				80A190DB25C9BD1300775058 /* LikeButtonView.swift */,
				80A190DF25C9BD6300775058 /* PackNavigationItemsView.swift */,
				80A190E225C9BDB800775058 /* LoadMoreButtonView.swift */,
				80A190E625C9BDFD00775058 /* UnderImageLineView.swift */,
			);
			path = Components;
			sourceTree = "<group>";
		};
		80B4542A24D2DB5200B4EE74 = {
			isa = PBXGroup;
			children = (
				80B4543524D2DB5200B4EE74 /* FiltersApp */,
				80D369BD2838CE68007654AF /* FiltersAppUITests */,
				80B4543424D2DB5200B4EE74 /* Products */,
				80904BF7272A0D9D0053A2F4 /* Frameworks */,
			);
			sourceTree = "<group>";
		};
		80B4543424D2DB5200B4EE74 /* Products */ = {
			isa = PBXGroup;
			children = (
				80B4543324D2DB5200B4EE74 /* FiltersApp.app */,
				80D369BC2838CE68007654AF /* FiltersAppUITests.xctest */,
			);
			name = Products;
			sourceTree = "<group>";
		};
		80B4543524D2DB5200B4EE74 /* FiltersApp */ = {
			isa = PBXGroup;
			children = (
				805EBC0C24D606300058BCBF /* Data */,
				80A190DA25C9BCF100775058 /* Components */,
				80EA47E425AE441200F2C526 /* CameraFilters */,
				809FDE4E24E59A7A00EFC1E8 /* Localizable */,
				805EBC1124D700F70058BCBF /* Pack */,
				805EBC0924D605D80058BCBF /* Filter */,
				805EBC0624D605AC0058BCBF /* Tutorials */,
				80B4543624D2DB5200B4EE74 /* AppDelegate.swift */,
				80B4543824D2DB5200B4EE74 /* SceneDelegate.swift */,
				80B4543A24D2DB5200B4EE74 /* ContentView.swift */,
				80E7C05224D2F86600E2ED55 /* Extensions.swift */,
				80B4543C24D2DB5300B4EE74 /* Assets.xcassets */,
				80B4544124D2DB5300B4EE74 /* LaunchScreen.storyboard */,
				80B4544424D2DB5300B4EE74 /* Info.plist */,
				80B4543E24D2DB5300B4EE74 /* Preview Content */,
			);
			path = FiltersApp;
			sourceTree = "<group>";
		};
		80B4543E24D2DB5300B4EE74 /* Preview Content */ = {
			isa = PBXGroup;
			children = (
				80B4543F24D2DB5300B4EE74 /* Preview Assets.xcassets */,
			);
			path = "Preview Content";
			sourceTree = "<group>";
		};
		80D369BD2838CE68007654AF /* FiltersAppUITests */ = {
			isa = PBXGroup;
			children = (
				80D369BE2838CE68007654AF /* FiltersAppUITests.swift */,
				80D369C02838CE68007654AF /* FiltersAppUITestsLaunchTests.swift */,
			);
			path = FiltersAppUITests;
			sourceTree = "<group>";
		};
		80EA47E425AE441200F2C526 /* CameraFilters */ = {
			isa = PBXGroup;
			children = (
				80EA47E725AE445000F2C526 /* HomeViewModel.swift */,
				80EA47EA25AE449400F2C526 /* ImagePicker.swift */,
				80EA47ED25AE44B600F2C526 /* CameraFilterView.swift */,
			);
			path = CameraFilters;
			sourceTree = "<group>";
		};
		80FE992625990A4900B75488 /* MainAdvices */ = {
			isa = PBXGroup;
			children = (
				80FE992825990A5900B75488 /* View */,
				80FE992725990A5500B75488 /* Model */,
			);
			path = MainAdvices;
			sourceTree = "<group>";
		};
		80FE992725990A5500B75488 /* Model */ = {
			isa = PBXGroup;
			children = (
				80FE992925990A6C00B75488 /* advice.swift */,
			);
			path = Model;
			sourceTree = "<group>";
		};
		80FE992825990A5900B75488 /* View */ = {
			isa = PBXGroup;
			children = (
				80FE992325990A2400B75488 /* AdvicesListView.swift */,
				80CBB175259DF4710072BE39 /* AdviceView.swift */,
			);
			path = View;
			sourceTree = "<group>";
		};
/* End PBXGroup section */

/* Begin PBXNativeTarget section */
		80B4543224D2DB5200B4EE74 /* FiltersApp */ = {
			isa = PBXNativeTarget;
			buildConfigurationList = 80B4544724D2DB5300B4EE74 /* Build configuration list for PBXNativeTarget "FiltersApp" */;
			buildPhases = (
				80B4542F24D2DB5200B4EE74 /* Sources */,
				80B4543024D2DB5200B4EE74 /* Frameworks */,
				80B4543124D2DB5200B4EE74 /* Resources */,
			);
			buildRules = (
			);
			dependencies = (
			);
			name = FiltersApp;
			packageProductDependencies = (
				80EBB66525B6093000A30F92 /* URLImage */,
				80EBB66A25B609EA00A30F92 /* RealmSwift */,
				80EBB66C25B609EA00A30F92 /* Realm */,
				80EBB67025B60A5100A30F92 /* SwiftyJSON */,
			);
			productName = FiltersApp;
			productReference = 80B4543324D2DB5200B4EE74 /* FiltersApp.app */;
			productType = "com.apple.product-type.application";
		};
		80D369BB2838CE68007654AF /* FiltersAppUITests */ = {
			isa = PBXNativeTarget;
			buildConfigurationList = 80D369C42838CE68007654AF /* Build configuration list for PBXNativeTarget "FiltersAppUITests" */;
			buildPhases = (
				80D369B82838CE68007654AF /* Sources */,
				80D369B92838CE68007654AF /* Frameworks */,
				80D369BA2838CE68007654AF /* Resources */,
			);
			buildRules = (
			);
			dependencies = (
				80D369C32838CE68007654AF /* PBXTargetDependency */,
			);
			name = FiltersAppUITests;
			productName = FiltersAppUITests;
			productReference = 80D369BC2838CE68007654AF /* FiltersAppUITests.xctest */;
			productType = "com.apple.product-type.bundle.ui-testing";
		};
/* End PBXNativeTarget section */

/* Begin PBXProject section */
		80B4542B24D2DB5200B4EE74 /* Project object */ = {
			isa = PBXProject;
			attributes = {
				LastSwiftUpdateCheck = 1330;
				LastUpgradeCheck = 1200;
				TargetAttributes = {
					80B4543224D2DB5200B4EE74 = {
						CreatedOnToolsVersion = 12.0;
					};
					80D369BB2838CE68007654AF = {
						CreatedOnToolsVersion = 13.3.1;
						TestTargetID = 80B4543224D2DB5200B4EE74;
					};
				};
			};
			buildConfigurationList = 80B4542E24D2DB5200B4EE74 /* Build configuration list for PBXProject "FiltersApp" */;
			compatibilityVersion = "Xcode 9.3";
			developmentRegion = en;
			hasScannedForEncodings = 0;
			knownRegions = (
				en,
				Base,
				ru,
				ja,
				fr,
				"zh-Hans",
				de,
			);
			mainGroup = 80B4542A24D2DB5200B4EE74;
			packageReferences = (
				80EBB66425B6093000A30F92 /* XCRemoteSwiftPackageReference "url-image" */,
				80EBB66925B609EA00A30F92 /* XCRemoteSwiftPackageReference "realm-cocoa" */,
				80EBB66F25B60A5100A30F92 /* XCRemoteSwiftPackageReference "SwiftyJSON" */,
			);
			productRefGroup = 80B4543424D2DB5200B4EE74 /* Products */;
			projectDirPath = "";
			projectRoot = "";
			targets = (
				80B4543224D2DB5200B4EE74 /* FiltersApp */,
				80D369BB2838CE68007654AF /* FiltersAppUITests */,
			);
		};
/* End PBXProject section */

/* Begin PBXResourcesBuildPhase section */
		80B4543124D2DB5200B4EE74 /* Resources */ = {
			isa = PBXResourcesBuildPhase;
			buildActionMask = 2147483647;
			files = (
				80B4544324D2DB5300B4EE74 /* LaunchScreen.storyboard in Resources */,
				809FDE5124E59AAF00EFC1E8 /* Localizable.strings in Resources */,
				80B4544024D2DB5300B4EE74 /* Preview Assets.xcassets in Resources */,
				80B4543D24D2DB5300B4EE74 /* Assets.xcassets in Resources */,
			);
			runOnlyForDeploymentPostprocessing = 0;
		};
		80D369BA2838CE68007654AF /* Resources */ = {
			isa = PBXResourcesBuildPhase;
			buildActionMask = 2147483647;
			files = (
			);
			runOnlyForDeploymentPostprocessing = 0;
		};
/* End PBXResourcesBuildPhase section */

/* Begin PBXSourcesBuildPhase section */
		80B4542F24D2DB5200B4EE74 /* Sources */ = {
			isa = PBXSourcesBuildPhase;
			buildActionMask = 2147483647;
			files = (
				80A190DC25C9BD1300775058 /* LikeButtonView.swift in Sources */,
				805EBC1724D7037E0058BCBF /* PackPreview.swift in Sources */,
				80E7C04D24D2E81D00E2ED55 /* GlobalData.swift in Sources */,
				80B4543724D2DB5200B4EE74 /* AppDelegate.swift in Sources */,
				80EA47EB25AE449400F2C526 /* ImagePicker.swift in Sources */,
				80FE992A25990A6C00B75488 /* advice.swift in Sources */,
				805EBC1524D701280058BCBF /* PackView.swift in Sources */,
				80CEAE6224DA0A7200A7C590 /* ActivityIndicator.swift in Sources */,
				8081C84E24D439C8005447F3 /* FiltersCategory.swift in Sources */,
				80B4544B24D2DB7600B4EE74 /* Filter.swift in Sources */,
				8061C5F628210D28006727BB /* FilterViewModel.swift in Sources */,
				80E7C05324D2F86600E2ED55 /* Extensions.swift in Sources */,
				80A190E325C9BDB800775058 /* LoadMoreButtonView.swift in Sources */,
				800F752625CFEBE400CB2AF8 /* FilterStorage.swift in Sources */,
				80CEAE6424DA12B400A7C590 /* TutorialDetailView.swift in Sources */,
				80CEAE5E24D7759E00A7C590 /* FirstViews.swift in Sources */,
				80B4543924D2DB5200B4EE74 /* SceneDelegate.swift in Sources */,
				805EBC0524D605760058BCBF /* ImageInfoView.swift in Sources */,
				805EBC0824D605BA0058BCBF /* TutorialView.swift in Sources */,
				80A190E025C9BD6300775058 /* PackNavigationItemsView.swift in Sources */,
				80E7C05124D2EB1100E2ED55 /* FiltersList.swift in Sources */,
				80844F75255FF98900666243 /* LikedFiltersList.swift in Sources */,
				80CEAE6624DA15ED00A7C590 /* TitleView.swift in Sources */,
				80B4544D24D2E26500B4EE74 /* FilterView.swift in Sources */,
				80CBB176259DF4710072BE39 /* AdviceView.swift in Sources */,
				80A190E725C9BDFD00775058 /* UnderImageLineView.swift in Sources */,
				80E7C05B24D312B000E2ED55 /* FilterPreview.swift in Sources */,
				805EBC1024D6F7A00058BCBF /* Pack.swift in Sources */,
				80EA47E825AE445000F2C526 /* HomeViewModel.swift in Sources */,
				80FE992425990A2400B75488 /* AdvicesListView.swift in Sources */,
				80B4543B24D2DB5200B4EE74 /* ContentView.swift in Sources */,
				8061C5F428210B23006727BB /* PackViewModel.swift in Sources */,
				805EBC0224D5ACC80058BCBF /* ImageSettings.swift in Sources */,
				803B7A2C24D4C8AE00F23EA3 /* ShareScreen.swift in Sources */,
				80EA47EE25AE44B600F2C526 /* CameraFilterView.swift in Sources */,
			);
			runOnlyForDeploymentPostprocessing = 0;
		};
		80D369B82838CE68007654AF /* Sources */ = {
			isa = PBXSourcesBuildPhase;
			buildActionMask = 2147483647;
			files = (
				80D369C12838CE68007654AF /* FiltersAppUITestsLaunchTests.swift in Sources */,
				80D369BF2838CE68007654AF /* FiltersAppUITests.swift in Sources */,
			);
			runOnlyForDeploymentPostprocessing = 0;
		};
/* End PBXSourcesBuildPhase section */

/* Begin PBXTargetDependency section */
		80D369C32838CE68007654AF /* PBXTargetDependency */ = {
			isa = PBXTargetDependency;
			target = 80B4543224D2DB5200B4EE74 /* FiltersApp */;
			targetProxy = 80D369C22838CE68007654AF /* PBXContainerItemProxy */;
		};
/* End PBXTargetDependency section */

/* Begin PBXVariantGroup section */
		809FDE5324E59AAF00EFC1E8 /* Localizable.strings */ = {
			isa = PBXVariantGroup;
			children = (
				809FDE5224E59AAF00EFC1E8 /* ru */,
				809FDE5524E59BD600EFC1E8 /* en */,
				80EBB67325B61AF200A30F92 /* ja */,
				80EBB67425B61D7700A30F92 /* fr */,
				80EBB67525B61F3D00A30F92 /* zh-Hans */,
				80EBB67625B620BC00A30F92 /* de */,
			);
			name = Localizable.strings;
			sourceTree = "<group>";
		};
		80B4544124D2DB5300B4EE74 /* LaunchScreen.storyboard */ = {
			isa = PBXVariantGroup;
			children = (
				80B4544224D2DB5300B4EE74 /* Base */,
				809FDE4B24E5999F00EFC1E8 /* ru */,
			);
			name = LaunchScreen.storyboard;
			sourceTree = "<group>";
		};
/* End PBXVariantGroup section */

/* Begin XCBuildConfiguration section */
		80B4544524D2DB5300B4EE74 /* Debug */ = {
			isa = XCBuildConfiguration;
			buildSettings = {
				ALWAYS_SEARCH_USER_PATHS = NO;
				CLANG_ANALYZER_LOCALIZABILITY_NONLOCALIZED = YES;
				CLANG_ANALYZER_NONNULL = YES;
				CLANG_ANALYZER_NUMBER_OBJECT_CONVERSION = YES_AGGRESSIVE;
				CLANG_CXX_LANGUAGE_STANDARD = "gnu++14";
				CLANG_CXX_LIBRARY = "libc++";
				CLANG_ENABLE_MODULES = YES;
				CLANG_ENABLE_OBJC_ARC = YES;
				CLANG_ENABLE_OBJC_WEAK = YES;
				CLANG_WARN_BLOCK_CAPTURE_AUTORELEASING = YES;
				CLANG_WARN_BOOL_CONVERSION = YES;
				CLANG_WARN_COMMA = YES;
				CLANG_WARN_CONSTANT_CONVERSION = YES;
				CLANG_WARN_DEPRECATED_OBJC_IMPLEMENTATIONS = YES;
				CLANG_WARN_DIRECT_OBJC_ISA_USAGE = YES_ERROR;
				CLANG_WARN_DOCUMENTATION_COMMENTS = YES;
				CLANG_WARN_EMPTY_BODY = YES;
				CLANG_WARN_ENUM_CONVERSION = YES;
				CLANG_WARN_INFINITE_RECURSION = YES;
				CLANG_WARN_INT_CONVERSION = YES;
				CLANG_WARN_NON_LITERAL_NULL_CONVERSION = YES;
				CLANG_WARN_OBJC_IMPLICIT_RETAIN_SELF = YES;
				CLANG_WARN_OBJC_LITERAL_CONVERSION = YES;
				CLANG_WARN_OBJC_ROOT_CLASS = YES_ERROR;
				CLANG_WARN_QUOTED_INCLUDE_IN_FRAMEWORK_HEADER = YES;
				CLANG_WARN_RANGE_LOOP_ANALYSIS = YES;
				CLANG_WARN_STRICT_PROTOTYPES = YES;
				CLANG_WARN_SUSPICIOUS_MOVE = YES;
				CLANG_WARN_UNGUARDED_AVAILABILITY = YES_AGGRESSIVE;
				CLANG_WARN_UNREACHABLE_CODE = YES;
				CLANG_WARN__DUPLICATE_METHOD_MATCH = YES;
				COPY_PHASE_STRIP = NO;
				DEBUG_INFORMATION_FORMAT = dwarf;
				ENABLE_STRICT_OBJC_MSGSEND = YES;
				ENABLE_TESTABILITY = YES;
				GCC_C_LANGUAGE_STANDARD = gnu11;
				GCC_DYNAMIC_NO_PIC = NO;
				GCC_NO_COMMON_BLOCKS = YES;
				GCC_OPTIMIZATION_LEVEL = 0;
				GCC_PREPROCESSOR_DEFINITIONS = (
					"DEBUG=1",
					"$(inherited)",
				);
				GCC_WARN_64_TO_32_BIT_CONVERSION = YES;
				GCC_WARN_ABOUT_RETURN_TYPE = YES_ERROR;
				GCC_WARN_UNDECLARED_SELECTOR = YES;
				GCC_WARN_UNINITIALIZED_AUTOS = YES_AGGRESSIVE;
				GCC_WARN_UNUSED_FUNCTION = YES;
				GCC_WARN_UNUSED_VARIABLE = YES;
				IPHONEOS_DEPLOYMENT_TARGET = 13.0;
				MTL_ENABLE_DEBUG_INFO = INCLUDE_SOURCE;
				MTL_FAST_MATH = YES;
				ONLY_ACTIVE_ARCH = YES;
				SDKROOT = iphoneos;
				SWIFT_ACTIVE_COMPILATION_CONDITIONS = DEBUG;
				SWIFT_OPTIMIZATION_LEVEL = "-Onone";
			};
			name = Debug;
		};
		80B4544624D2DB5300B4EE74 /* Release */ = {
			isa = XCBuildConfiguration;
			buildSettings = {
				ALWAYS_SEARCH_USER_PATHS = NO;
				CLANG_ANALYZER_LOCALIZABILITY_NONLOCALIZED = YES;
				CLANG_ANALYZER_NONNULL = YES;
				CLANG_ANALYZER_NUMBER_OBJECT_CONVERSION = YES_AGGRESSIVE;
				CLANG_CXX_LANGUAGE_STANDARD = "gnu++14";
				CLANG_CXX_LIBRARY = "libc++";
				CLANG_ENABLE_MODULES = YES;
				CLANG_ENABLE_OBJC_ARC = YES;
				CLANG_ENABLE_OBJC_WEAK = YES;
				CLANG_WARN_BLOCK_CAPTURE_AUTORELEASING = YES;
				CLANG_WARN_BOOL_CONVERSION = YES;
				CLANG_WARN_COMMA = YES;
				CLANG_WARN_CONSTANT_CONVERSION = YES;
				CLANG_WARN_DEPRECATED_OBJC_IMPLEMENTATIONS = YES;
				CLANG_WARN_DIRECT_OBJC_ISA_USAGE = YES_ERROR;
				CLANG_WARN_DOCUMENTATION_COMMENTS = YES;
				CLANG_WARN_EMPTY_BODY = YES;
				CLANG_WARN_ENUM_CONVERSION = YES;
				CLANG_WARN_INFINITE_RECURSION = YES;
				CLANG_WARN_INT_CONVERSION = YES;
				CLANG_WARN_NON_LITERAL_NULL_CONVERSION = YES;
				CLANG_WARN_OBJC_IMPLICIT_RETAIN_SELF = YES;
				CLANG_WARN_OBJC_LITERAL_CONVERSION = YES;
				CLANG_WARN_OBJC_ROOT_CLASS = YES_ERROR;
				CLANG_WARN_QUOTED_INCLUDE_IN_FRAMEWORK_HEADER = YES;
				CLANG_WARN_RANGE_LOOP_ANALYSIS = YES;
				CLANG_WARN_STRICT_PROTOTYPES = YES;
				CLANG_WARN_SUSPICIOUS_MOVE = YES;
				CLANG_WARN_UNGUARDED_AVAILABILITY = YES_AGGRESSIVE;
				CLANG_WARN_UNREACHABLE_CODE = YES;
				CLANG_WARN__DUPLICATE_METHOD_MATCH = YES;
				COPY_PHASE_STRIP = NO;
				DEBUG_INFORMATION_FORMAT = "dwarf-with-dsym";
				ENABLE_NS_ASSERTIONS = NO;
				ENABLE_STRICT_OBJC_MSGSEND = YES;
				GCC_C_LANGUAGE_STANDARD = gnu11;
				GCC_NO_COMMON_BLOCKS = YES;
				GCC_WARN_64_TO_32_BIT_CONVERSION = YES;
				GCC_WARN_ABOUT_RETURN_TYPE = YES_ERROR;
				GCC_WARN_UNDECLARED_SELECTOR = YES;
				GCC_WARN_UNINITIALIZED_AUTOS = YES_AGGRESSIVE;
				GCC_WARN_UNUSED_FUNCTION = YES;
				GCC_WARN_UNUSED_VARIABLE = YES;
				IPHONEOS_DEPLOYMENT_TARGET = 13.0;
				MTL_ENABLE_DEBUG_INFO = NO;
				MTL_FAST_MATH = YES;
				SDKROOT = iphoneos;
				SWIFT_COMPILATION_MODE = wholemodule;
				SWIFT_OPTIMIZATION_LEVEL = "-O";
				VALIDATE_PRODUCT = YES;
			};
			name = Release;
		};
		80B4544824D2DB5300B4EE74 /* Debug */ = {
			isa = XCBuildConfiguration;
			buildSettings = {
				ASSETCATALOG_COMPILER_APPICON_NAME = AppIcon;
				ASSETCATALOG_COMPILER_GLOBAL_ACCENT_COLOR_NAME = AccentColor;
				CODE_SIGN_STYLE = Automatic;
				CURRENT_PROJECT_VERSION = 1;
				DEVELOPMENT_ASSET_PATHS = "\"FiltersApp/Preview Content\"";
				DEVELOPMENT_TEAM = Z6TZXH8MS8;
				ENABLE_PREVIEWS = YES;
				INFOPLIST_FILE = FiltersApp/Info.plist;
				IPHONEOS_DEPLOYMENT_TARGET = 13.0;
				LD_RUNPATH_SEARCH_PATHS = (
					"$(inherited)",
					"@executable_path/Frameworks",
				);
				MARKETING_VERSION = 2.92;
				PRODUCT_BUNDLE_IDENTIFIER = com.nickyapp.FiltersApp;
				PRODUCT_NAME = "$(TARGET_NAME)";
				SWIFT_VERSION = 5.0;
				TARGETED_DEVICE_FAMILY = 1;
			};
			name = Debug;
		};
		80B4544924D2DB5300B4EE74 /* Release */ = {
			isa = XCBuildConfiguration;
			buildSettings = {
				ASSETCATALOG_COMPILER_APPICON_NAME = AppIcon;
				ASSETCATALOG_COMPILER_GLOBAL_ACCENT_COLOR_NAME = AccentColor;
				CODE_SIGN_STYLE = Automatic;
				CURRENT_PROJECT_VERSION = 1;
				DEVELOPMENT_ASSET_PATHS = "\"FiltersApp/Preview Content\"";
				DEVELOPMENT_TEAM = Z6TZXH8MS8;
				ENABLE_PREVIEWS = YES;
				INFOPLIST_FILE = FiltersApp/Info.plist;
				IPHONEOS_DEPLOYMENT_TARGET = 13.0;
				LD_RUNPATH_SEARCH_PATHS = (
					"$(inherited)",
					"@executable_path/Frameworks",
				);
				MARKETING_VERSION = 2.92;
				PRODUCT_BUNDLE_IDENTIFIER = com.nickyapp.FiltersApp;
				PRODUCT_NAME = "$(TARGET_NAME)";
				SWIFT_VERSION = 5.0;
				TARGETED_DEVICE_FAMILY = 1;
			};
			name = Release;
		};
		80D369C52838CE68007654AF /* Debug */ = {
			isa = XCBuildConfiguration;
			buildSettings = {
				CLANG_CXX_LANGUAGE_STANDARD = "gnu++17";
				CODE_SIGN_STYLE = Automatic;
				CURRENT_PROJECT_VERSION = 1;
				DEVELOPMENT_TEAM = Z6TZXH8MS8;
				GENERATE_INFOPLIST_FILE = YES;
				IPHONEOS_DEPLOYMENT_TARGET = 15.4;
				MARKETING_VERSION = 1.0;
				PRODUCT_BUNDLE_IDENTIFIER = com.sinapsis.DynamicListExample.FiltersAppUITests;
				PRODUCT_NAME = "$(TARGET_NAME)";
				SWIFT_EMIT_LOC_STRINGS = NO;
				SWIFT_VERSION = 5.0;
				TARGETED_DEVICE_FAMILY = "1,2";
				TEST_TARGET_NAME = FiltersApp;
			};
			name = Debug;
		};
		80D369C62838CE68007654AF /* Release */ = {
			isa = XCBuildConfiguration;
			buildSettings = {
				CLANG_CXX_LANGUAGE_STANDARD = "gnu++17";
				CODE_SIGN_STYLE = Automatic;
				CURRENT_PROJECT_VERSION = 1;
				DEVELOPMENT_TEAM = Z6TZXH8MS8;
				GENERATE_INFOPLIST_FILE = YES;
				IPHONEOS_DEPLOYMENT_TARGET = 15.4;
				MARKETING_VERSION = 1.0;
				PRODUCT_BUNDLE_IDENTIFIER = com.sinapsis.DynamicListExample.FiltersAppUITests;
				PRODUCT_NAME = "$(TARGET_NAME)";
				SWIFT_EMIT_LOC_STRINGS = NO;
				SWIFT_VERSION = 5.0;
				TARGETED_DEVICE_FAMILY = "1,2";
				TEST_TARGET_NAME = FiltersApp;
			};
			name = Release;
		};
/* End XCBuildConfiguration section */

/* Begin XCConfigurationList section */
		80B4542E24D2DB5200B4EE74 /* Build configuration list for PBXProject "FiltersApp" */ = {
			isa = XCConfigurationList;
			buildConfigurations = (
				80B4544524D2DB5300B4EE74 /* Debug */,
				80B4544624D2DB5300B4EE74 /* Release */,
			);
			defaultConfigurationIsVisible = 0;
			defaultConfigurationName = Release;
		};
		80B4544724D2DB5300B4EE74 /* Build configuration list for PBXNativeTarget "FiltersApp" */ = {
			isa = XCConfigurationList;
			buildConfigurations = (
				80B4544824D2DB5300B4EE74 /* Debug */,
				80B4544924D2DB5300B4EE74 /* Release */,
			);
			defaultConfigurationIsVisible = 0;
			defaultConfigurationName = Release;
		};
		80D369C42838CE68007654AF /* Build configuration list for PBXNativeTarget "FiltersAppUITests" */ = {
			isa = XCConfigurationList;
			buildConfigurations = (
				80D369C52838CE68007654AF /* Debug */,
				80D369C62838CE68007654AF /* Release */,
			);
			defaultConfigurationIsVisible = 0;
			defaultConfigurationName = Release;
		};
/* End XCConfigurationList section */

/* Begin XCRemoteSwiftPackageReference section */
		80EBB66425B6093000A30F92 /* XCRemoteSwiftPackageReference "url-image" */ = {
			isa = XCRemoteSwiftPackageReference;
			repositoryURL = "https://github.com/dmytro-anokhin/url-image";
			requirement = {
				kind = upToNextMajorVersion;
				minimumVersion = 2.2.1;
			};
		};
		80EBB66925B609EA00A30F92 /* XCRemoteSwiftPackageReference "realm-cocoa" */ = {
			isa = XCRemoteSwiftPackageReference;
			repositoryURL = "https://github.com/realm/realm-cocoa";
			requirement = {
				kind = upToNextMajorVersion;
				minimumVersion = 10.5.1;
			};
		};
		80EBB66F25B60A5100A30F92 /* XCRemoteSwiftPackageReference "SwiftyJSON" */ = {
			isa = XCRemoteSwiftPackageReference;
			repositoryURL = "https://github.com/SwiftyJSON/SwiftyJSON";
			requirement = {
				kind = upToNextMajorVersion;
				minimumVersion = 5.0.0;
			};
		};
/* End XCRemoteSwiftPackageReference section */

/* Begin XCSwiftPackageProductDependency section */
		80EBB66525B6093000A30F92 /* URLImage */ = {
			isa = XCSwiftPackageProductDependency;
			package = 80EBB66425B6093000A30F92 /* XCRemoteSwiftPackageReference "url-image" */;
			productName = URLImage;
		};
		80EBB66A25B609EA00A30F92 /* RealmSwift */ = {
			isa = XCSwiftPackageProductDependency;
			package = 80EBB66925B609EA00A30F92 /* XCRemoteSwiftPackageReference "realm-cocoa" */;
			productName = RealmSwift;
		};
		80EBB66C25B609EA00A30F92 /* Realm */ = {
			isa = XCSwiftPackageProductDependency;
			package = 80EBB66925B609EA00A30F92 /* XCRemoteSwiftPackageReference "realm-cocoa" */;
			productName = Realm;
		};
		80EBB67025B60A5100A30F92 /* SwiftyJSON */ = {
			isa = XCSwiftPackageProductDependency;
			package = 80EBB66F25B60A5100A30F92 /* XCRemoteSwiftPackageReference "SwiftyJSON" */;
			productName = SwiftyJSON;
		};
/* End XCSwiftPackageProductDependency section */
	};
	rootObject = 80B4542B24D2DB5200B4EE74 /* Project object */;
}
